
Microsoft Visual Studio Solution File, Format Version 12.00
# Visual Studio Version 16
VisualStudioVersion = 16.0.29613.14
MinimumVisualStudioVersion = 10.0.40219.1
Project("{FAE04EC0-301F-11D3-BF4B-00C04F79EFBC}") = "APINET_Vinted", "APINET_Vinted\APINET_Vinted.csproj", "{31DEB8FD-0DD6-43BC-8DD5-001F71C36851}"
EndProject
Global
	GlobalSection(SolutionConfigurationPlatforms) = preSolution
		Debug|Any CPU = Debug|Any CPU
		Release|Any CPU = Release|Any CPU
	EndGlobalSection
	GlobalSection(ProjectConfigurationPlatforms) = postSolution
		{31DEB8FD-0DD6-43BC-8DD5-001F71C36851}.Debug|Any CPU.ActiveCfg = Debug|Any CPU
		{31DEB8FD-0DD6-43BC-8DD5-001F71C36851}.Debug|Any CPU.Build.0 = Debug|Any CPU
		{31DEB8FD-0DD6-43BC-8DD5-001F71C36851}.Release|Any CPU.ActiveCfg = Release|Any CPU
		{31DEB8FD-0DD6-43BC-8DD5-001F71C36851}.Release|Any CPU.Build.0 = Release|Any CPU
	EndGlobalSection
	GlobalSection(SolutionProperties) = preSolution
		HideSolutionNode = FALSE
	EndGlobalSection
	GlobalSection(ExtensibilityGlobals) = postSolution
		SolutionGuid = {10778D9E-99AC-48E6-8EB8-5D4DB04E49C0}
	EndGlobalSection
EndGlobal
